
Microsoft Visual Studio Solution File, Format Version 12.00
# Visual Studio Version 17
VisualStudioVersion = 17.14.36212.18 d17.14
MinimumVisualStudioVersion = 10.0.40219.1
Project("{FAE04EC0-301F-11D3-BF4B-00C04F79EFBC}") = "ConsoleBank", "ConsoleBank\ConsoleBank.csproj", "{A04316D4-11FE-495D-AD81-A787DF785CB4}"
EndProject
Project("{FAE04EC0-301F-11D3-BF4B-00C04F79EFBC}") = "ConsoleBankTest", "ConsoleBankTest\ConsoleBankTest\ConsoleBankTest.csproj", "{7B93B7F2-F256-460C-9CA1-2FBBC35FAB4B}"
EndProject
Global
	GlobalSection(SolutionConfigurationPlatforms) = preSolution
		Debug|Any CPU = Debug|Any CPU
		Release|Any CPU = Release|Any CPU
	EndGlobalSection
	GlobalSection(ProjectConfigurationPlatforms) = postSolution
		{A04316D4-11FE-495D-AD81-A787DF785CB4}.Debug|Any CPU.ActiveCfg = Debug|Any CPU
		{A04316D4-11FE-495D-AD81-A787DF785CB4}.Debug|Any CPU.Build.0 = Debug|Any CPU
		{A04316D4-11FE-495D-AD81-A787DF785CB4}.Release|Any CPU.ActiveCfg = Release|Any CPU
		{A04316D4-11FE-495D-AD81-A787DF785CB4}.Release|Any CPU.Build.0 = Release|Any CPU
		{7B93B7F2-F256-460C-9CA1-2FBBC35FAB4B}.Debug|Any CPU.ActiveCfg = Debug|Any CPU
		{7B93B7F2-F256-460C-9CA1-2FBBC35FAB4B}.Debug|Any CPU.Build.0 = Debug|Any CPU
		{7B93B7F2-F256-460C-9CA1-2FBBC35FAB4B}.Release|Any CPU.ActiveCfg = Release|Any CPU
		{7B93B7F2-F256-460C-9CA1-2FBBC35FAB4B}.Release|Any CPU.Build.0 = Release|Any CPU
	EndGlobalSection
	GlobalSection(SolutionProperties) = preSolution
		HideSolutionNode = FALSE
	EndGlobalSection
	GlobalSection(ExtensibilityGlobals) = postSolution
		SolutionGuid = {6D75A146-58BA-489F-9AEE-3A01B48F8DC4}
	EndGlobalSection
EndGlobal
